// !$*UTF8*$!
{
	archiveVersion = 1;
	classes = {
	};
	objectVersion = 55;
	objects = {

/* Begin PBXBuildFile section */
		538D6A5F27B9118000F91656 /* ContentView.swift in Sources */ = {isa = PBXBuildFile; fileRef = 538D6A5E27B9118000F91656 /* ContentView.swift */; };
		538D6A6127B9121500F91656 /* ViewController.swift in Sources */ = {isa = PBXBuildFile; fileRef = 538D6A6027B9121500F91656 /* ViewController.swift */; };
		53C23FCD27B8E5AD000BADA3 /* AppDelegate.swift in Sources */ = {isa = PBXBuildFile; fileRef = 53C23FCC27B8E5AD000BADA3 /* AppDelegate.swift */; };
		53C23FD327B8E5AE000BADA3 /* Assets.xcassets in Resources */ = {isa = PBXBuildFile; fileRef = 53C23FD227B8E5AE000BADA3 /* Assets.xcassets */; };
		53C23FFE27B8E7F8000BADA3 /* BTController.swift in Sources */ = {isa = PBXBuildFile; fileRef = 53C23FFD27B8E7F8000BADA3 /* BTController.swift */; };
		53C2400027B8F593000BADA3 /* Main.storyboard in Resources */ = {isa = PBXBuildFile; fileRef = 53C23FFF27B8F593000BADA3 /* Main.storyboard */; };
/* End PBXBuildFile section */

/* Begin PBXFileReference section */
		538D6A5E27B9118000F91656 /* ContentView.swift */ = {isa = PBXFileReference; fileEncoding = 4; lastKnownFileType = sourcecode.swift; path = ContentView.swift; sourceTree = "<group>"; };
		538D6A6027B9121500F91656 /* ViewController.swift */ = {isa = PBXFileReference; fileEncoding = 4; lastKnownFileType = sourcecode.swift; path = ViewController.swift; sourceTree = "<group>"; };
		53C23FC927B8E5AD000BADA3 /* BTOffMonterey.app */ = {isa = PBXFileReference; explicitFileType = wrapper.application; includeInIndex = 0; path = BTOffMonterey.app; sourceTree = BUILT_PRODUCTS_DIR; };
		53C23FCC27B8E5AD000BADA3 /* AppDelegate.swift */ = {isa = PBXFileReference; lastKnownFileType = sourcecode.swift; path = AppDelegate.swift; sourceTree = "<group>"; };
		53C23FD227B8E5AE000BADA3 /* Assets.xcassets */ = {isa = PBXFileReference; lastKnownFileType = folder.assetcatalog; path = Assets.xcassets; sourceTree = "<group>"; };
		53C23FD727B8E5AE000BADA3 /* Info.plist */ = {isa = PBXFileReference; lastKnownFileType = text.plist.xml; path = Info.plist; sourceTree = "<group>"; };
		53C23FD827B8E5AE000BADA3 /* BTOffMonterey.entitlements */ = {isa = PBXFileReference; lastKnownFileType = text.plist.entitlements; path = BTOffMonterey.entitlements; sourceTree = "<group>"; };
		53C23FFA27B8E79A000BADA3 /* BTOffMonterey-Bridging-Header.h */ = {isa = PBXFileReference; lastKnownFileType = sourcecode.c.h; path = "BTOffMonterey-Bridging-Header.h"; sourceTree = "<group>"; };
		53C23FFD27B8E7F8000BADA3 /* BTController.swift */ = {isa = PBXFileReference; lastKnownFileType = sourcecode.swift; path = BTController.swift; sourceTree = "<group>"; };
		53C23FFF27B8F593000BADA3 /* Main.storyboard */ = {isa = PBXFileReference; fileEncoding = 4; lastKnownFileType = file.storyboard; path = Main.storyboard; sourceTree = "<group>"; };
/* End PBXFileReference section */

/* Begin PBXFrameworksBuildPhase section */
		53C23FC627B8E5AD000BADA3 /* Frameworks */ = {
			isa = PBXFrameworksBuildPhase;
			buildActionMask = 2147483647;
			files = (
			);
			runOnlyForDeploymentPostprocessing = 0;
		};
/* End PBXFrameworksBuildPhase section */

/* Begin PBXGroup section */
		53C23FC027B8E5AD000BADA3 = {
			isa = PBXGroup;
			children = (
				53C23FCB27B8E5AD000BADA3 /* BTOffMonterey */,
				53C23FCA27B8E5AD000BADA3 /* Products */,
			);
			sourceTree = "<group>";
		};
		53C23FCA27B8E5AD000BADA3 /* Products */ = {
			isa = PBXGroup;
			children = (
				53C23FC927B8E5AD000BADA3 /* BTOffMonterey.app */,
			);
			name = Products;
			sourceTree = "<group>";
		};
		53C23FCB27B8E5AD000BADA3 /* BTOffMonterey */ = {
			isa = PBXGroup;
			children = (
				53C23FCC27B8E5AD000BADA3 /* AppDelegate.swift */,
				538D6A5E27B9118000F91656 /* ContentView.swift */,
				53C23FFF27B8F593000BADA3 /* Main.storyboard */,
				53C23FD227B8E5AE000BADA3 /* Assets.xcassets */,
				53C23FD727B8E5AE000BADA3 /* Info.plist */,
				53C23FD827B8E5AE000BADA3 /* BTOffMonterey.entitlements */,
				53C23FFA27B8E79A000BADA3 /* BTOffMonterey-Bridging-Header.h */,
				53C23FFD27B8E7F8000BADA3 /* BTController.swift */,
				538D6A6027B9121500F91656 /* ViewController.swift */,
			);
			path = BTOffMonterey;
			sourceTree = "<group>";
		};
/* End PBXGroup section */

/* Begin PBXNativeTarget section */
		53C23FC827B8E5AD000BADA3 /* BTOffMonterey */ = {
			isa = PBXNativeTarget;
			buildConfigurationList = 53C23FF127B8E5AE000BADA3 /* Build configuration list for PBXNativeTarget "BTOffMonterey" */;
			buildPhases = (
				53C23FC527B8E5AD000BADA3 /* Sources */,
				53C23FC627B8E5AD000BADA3 /* Frameworks */,
				53C23FC727B8E5AD000BADA3 /* Resources */,
			);
			buildRules = (
			);
			dependencies = (
			);
			name = BTOffMonterey;
			productName = BTOffMonterey;
			productReference = 53C23FC927B8E5AD000BADA3 /* BTOffMonterey.app */;
			productType = "com.apple.product-type.application";
		};
/* End PBXNativeTarget section */

/* Begin PBXProject section */
		53C23FC127B8E5AD000BADA3 /* Project object */ = {
			isa = PBXProject;
			attributes = {
				BuildIndependentTargetsInParallel = 1;
				LastSwiftUpdateCheck = 1320;
				LastUpgradeCheck = 1320;
				TargetAttributes = {
					53C23FC827B8E5AD000BADA3 = {
						CreatedOnToolsVersion = 13.2.1;
						LastSwiftMigration = 1320;
					};
				};
			};
			buildConfigurationList = 53C23FC427B8E5AD000BADA3 /* Build configuration list for PBXProject "BTOffMonterey" */;
			compatibilityVersion = "Xcode 13.0";
			developmentRegion = en;
			hasScannedForEncodings = 0;
			knownRegions = (
				en,
				Base,
			);
			mainGroup = 53C23FC027B8E5AD000BADA3;
			productRefGroup = 53C23FCA27B8E5AD000BADA3 /* Products */;
			projectDirPath = "";
			projectRoot = "";
			targets = (
				53C23FC827B8E5AD000BADA3 /* BTOffMonterey */,
			);
		};
/* End PBXProject section */

/* Begin PBXResourcesBuildPhase section */
		53C23FC727B8E5AD000BADA3 /* Resources */ = {
			isa = PBXResourcesBuildPhase;
			buildActionMask = 2147483647;
			files = (
				53C23FD327B8E5AE000BADA3 /* Assets.xcassets in Resources */,
				53C2400027B8F593000BADA3 /* Main.storyboard in Resources */,
			);
			runOnlyForDeploymentPostprocessing = 0;
		};
/* End PBXResourcesBuildPhase section */

/* Begin PBXSourcesBuildPhase section */
		53C23FC527B8E5AD000BADA3 /* Sources */ = {
			isa = PBXSourcesBuildPhase;
			buildActionMask = 2147483647;
			files = (
				53C23FCD27B8E5AD000BADA3 /* AppDelegate.swift in Sources */,
				53C23FFE27B8E7F8000BADA3 /* BTController.swift in Sources */,
				538D6A6127B9121500F91656 /* ViewController.swift in Sources */,
				538D6A5F27B9118000F91656 /* ContentView.swift in Sources */,
			);
			runOnlyForDeploymentPostprocessing = 0;
		};
/* End PBXSourcesBuildPhase section */

/* Begin XCBuildConfiguration section */
		53C23FEF27B8E5AE000BADA3 /* Debug */ = {
			isa = XCBuildConfiguration;
			buildSettings = {
				ALWAYS_SEARCH_USER_PATHS = NO;
				CLANG_ANALYZER_NONNULL = YES;
				CLANG_ANALYZER_NUMBER_OBJECT_CONVERSION = YES_AGGRESSIVE;
				CLANG_CXX_LANGUAGE_STANDARD = "gnu++17";
				CLANG_CXX_LIBRARY = "libc++";
				CLANG_ENABLE_MODULES = YES;
				CLANG_ENABLE_OBJC_ARC = YES;
				CLANG_ENABLE_OBJC_WEAK = YES;
				CLANG_WARN_BLOCK_CAPTURE_AUTORELEASING = YES;
				CLANG_WARN_BOOL_CONVERSION = YES;
				CLANG_WARN_COMMA = YES;
				CLANG_WARN_CONSTANT_CONVERSION = YES;
				CLANG_WARN_DEPRECATED_OBJC_IMPLEMENTATIONS = YES;
				CLANG_WARN_DIRECT_OBJC_ISA_USAGE = YES_ERROR;
				CLANG_WARN_DOCUMENTATION_COMMENTS = YES;
				CLANG_WARN_EMPTY_BODY = YES;
				CLANG_WARN_ENUM_CONVERSION = YES;
				CLANG_WARN_INFINITE_RECURSION = YES;
				CLANG_WARN_INT_CONVERSION = YES;
				CLANG_WARN_NON_LITERAL_NULL_CONVERSION = YES;
				CLANG_WARN_OBJC_IMPLICIT_RETAIN_SELF = YES;
				CLANG_WARN_OBJC_LITERAL_CONVERSION = YES;
				CLANG_WARN_OBJC_ROOT_CLASS = YES_ERROR;
				CLANG_WARN_QUOTED_INCLUDE_IN_FRAMEWORK_HEADER = YES;
				CLANG_WARN_RANGE_LOOP_ANALYSIS = YES;
				CLANG_WARN_STRICT_PROTOTYPES = YES;
				CLANG_WARN_SUSPICIOUS_MOVE = YES;
				CLANG_WARN_UNGUARDED_AVAILABILITY = YES_AGGRESSIVE;
				CLANG_WARN_UNREACHABLE_CODE = YES;
				CLANG_WARN__DUPLICATE_METHOD_MATCH = YES;
				COPY_PHASE_STRIP = NO;
				DEBUG_INFORMATION_FORMAT = dwarf;
				ENABLE_STRICT_OBJC_MSGSEND = YES;
				ENABLE_TESTABILITY = YES;
				GCC_C_LANGUAGE_STANDARD = gnu11;
				GCC_DYNAMIC_NO_PIC = NO;
				GCC_NO_COMMON_BLOCKS = YES;
				GCC_OPTIMIZATION_LEVEL = 0;
				GCC_PREPROCESSOR_DEFINITIONS = (
					"DEBUG=1",
					"$(inherited)",
				);
				GCC_WARN_64_TO_32_BIT_CONVERSION = YES;
				GCC_WARN_ABOUT_RETURN_TYPE = YES_ERROR;
				GCC_WARN_UNDECLARED_SELECTOR = YES;
				GCC_WARN_UNINITIALIZED_AUTOS = YES_AGGRESSIVE;
				GCC_WARN_UNUSED_FUNCTION = YES;
				GCC_WARN_UNUSED_VARIABLE = YES;
				MACOSX_DEPLOYMENT_TARGET = 12.0;
				MTL_ENABLE_DEBUG_INFO = INCLUDE_SOURCE;
				MTL_FAST_MATH = YES;
				ONLY_ACTIVE_ARCH = YES;
				SDKROOT = macosx;
				SWIFT_ACTIVE_COMPILATION_CONDITIONS = DEBUG;
				SWIFT_OPTIMIZATION_LEVEL = "-Onone";
			};
			name = Debug;
		};
		53C23FF027B8E5AE000BADA3 /* Release */ = {
			isa = XCBuildConfiguration;
			buildSettings = {
				ALWAYS_SEARCH_USER_PATHS = NO;
				CLANG_ANALYZER_NONNULL = YES;
				CLANG_ANALYZER_NUMBER_OBJECT_CONVERSION = YES_AGGRESSIVE;
				CLANG_CXX_LANGUAGE_STANDARD = "gnu++17";
				CLANG_CXX_LIBRARY = "libc++";
				CLANG_ENABLE_MODULES = YES;
				CLANG_ENABLE_OBJC_ARC = YES;
				CLANG_ENABLE_OBJC_WEAK = YES;
				CLANG_WARN_BLOCK_CAPTURE_AUTORELEASING = YES;
				CLANG_WARN_BOOL_CONVERSION = YES;
				CLANG_WARN_COMMA = YES;
				CLANG_WARN_CONSTANT_CONVERSION = YES;
				CLANG_WARN_DEPRECATED_OBJC_IMPLEMENTATIONS = YES;
				CLANG_WARN_DIRECT_OBJC_ISA_USAGE = YES_ERROR;
				CLANG_WARN_DOCUMENTATION_COMMENTS = YES;
				CLANG_WARN_EMPTY_BODY = YES;
				CLANG_WARN_ENUM_CONVERSION = YES;
				CLANG_WARN_INFINITE_RECURSION = YES;
				CLANG_WARN_INT_CONVERSION = YES;
				CLANG_WARN_NON_LITERAL_NULL_CONVERSION = YES;
				CLANG_WARN_OBJC_IMPLICIT_RETAIN_SELF = YES;
				CLANG_WARN_OBJC_LITERAL_CONVERSION = YES;
				CLANG_WARN_OBJC_ROOT_CLASS = YES_ERROR;
				CLANG_WARN_QUOTED_INCLUDE_IN_FRAMEWORK_HEADER = YES;
				CLANG_WARN_RANGE_LOOP_ANALYSIS = YES;
				CLANG_WARN_STRICT_PROTOTYPES = YES;
				CLANG_WARN_SUSPICIOUS_MOVE = YES;
				CLANG_WARN_UNGUARDED_AVAILABILITY = YES_AGGRESSIVE;
				CLANG_WARN_UNREACHABLE_CODE = YES;
				CLANG_WARN__DUPLICATE_METHOD_MATCH = YES;
				COPY_PHASE_STRIP = NO;
				DEBUG_INFORMATION_FORMAT = "dwarf-with-dsym";
				ENABLE_NS_ASSERTIONS = NO;
				ENABLE_STRICT_OBJC_MSGSEND = YES;
				GCC_C_LANGUAGE_STANDARD = gnu11;
				GCC_NO_COMMON_BLOCKS = YES;
				GCC_WARN_64_TO_32_BIT_CONVERSION = YES;
				GCC_WARN_ABOUT_RETURN_TYPE = YES_ERROR;
				GCC_WARN_UNDECLARED_SELECTOR = YES;
				GCC_WARN_UNINITIALIZED_AUTOS = YES_AGGRESSIVE;
				GCC_WARN_UNUSED_FUNCTION = YES;
				GCC_WARN_UNUSED_VARIABLE = YES;
				MACOSX_DEPLOYMENT_TARGET = 12.0;
				MTL_ENABLE_DEBUG_INFO = NO;
				MTL_FAST_MATH = YES;
				SDKROOT = macosx;
				SWIFT_COMPILATION_MODE = wholemodule;
				SWIFT_OPTIMIZATION_LEVEL = "-O";
			};
			name = Release;
		};
		53C23FF227B8E5AE000BADA3 /* Debug */ = {
			isa = XCBuildConfiguration;
			buildSettings = {
				ASSETCATALOG_COMPILER_APPICON_NAME = AppIcon;
				ASSETCATALOG_COMPILER_GLOBAL_ACCENT_COLOR_NAME = AccentColor;
				CLANG_ENABLE_MODULES = YES;
				CODE_SIGN_ENTITLEMENTS = BTOffMonterey/BTOffMonterey.entitlements;
				CODE_SIGN_STYLE = Automatic;
				COMBINE_HIDPI_IMAGES = YES;
				CURRENT_PROJECT_VERSION = 1;
				DEVELOPMENT_TEAM = E8X83UBV5Z;
				ENABLE_HARDENED_RUNTIME = YES;
				GENERATE_INFOPLIST_FILE = YES;
				INFOPLIST_FILE = BTOffMonterey/Info.plist;
				INFOPLIST_KEY_NSHumanReadableCopyright = "";
				INFOPLIST_KEY_NSPrincipalClass = NSApplication;
				LD_RUNPATH_SEARCH_PATHS = (
					"$(inherited)",
					"@executable_path/../Frameworks",
				);
				MARKETING_VERSION = 1.0;
				PRODUCT_BUNDLE_IDENTIFIER = com.Lightning.test.BTOffMonterey;
				PRODUCT_NAME = "$(TARGET_NAME)";
				SWIFT_EMIT_LOC_STRINGS = YES;
				SWIFT_OBJC_BRIDGING_HEADER = "BTOffMonterey/BTOffMonterey-Bridging-Header.h";
				SWIFT_OPTIMIZATION_LEVEL = "-Onone";
				SWIFT_VERSION = 5.0;
			};
			name = Debug;
		};
		53C23FF327B8E5AE000BADA3 /* Release */ = {
			isa = XCBuildConfiguration;
			buildSettings = {
				ASSETCATALOG_COMPILER_APPICON_NAME = AppIcon;
				ASSETCATALOG_COMPILER_GLOBAL_ACCENT_COLOR_NAME = AccentColor;
				CLANG_ENABLE_MODULES = YES;
				CODE_SIGN_ENTITLEMENTS = BTOffMonterey/BTOffMonterey.entitlements;
				CODE_SIGN_STYLE = Automatic;
				COMBINE_HIDPI_IMAGES = YES;
				CURRENT_PROJECT_VERSION = 1;
				DEVELOPMENT_TEAM = E8X83UBV5Z;
				ENABLE_HARDENED_RUNTIME = YES;
				GENERATE_INFOPLIST_FILE = YES;
				INFOPLIST_FILE = BTOffMonterey/Info.plist;
				INFOPLIST_KEY_NSHumanReadableCopyright = "";
				INFOPLIST_KEY_NSPrincipalClass = NSApplication;
				LD_RUNPATH_SEARCH_PATHS = (
					"$(inherited)",
					"@executable_path/../Frameworks",
				);
				MARKETING_VERSION = 1.0;
				PRODUCT_BUNDLE_IDENTIFIER = com.Lightning.test.BTOffMonterey;
				PRODUCT_NAME = "$(TARGET_NAME)";
				SWIFT_EMIT_LOC_STRINGS = YES;
				SWIFT_OBJC_BRIDGING_HEADER = "BTOffMonterey/BTOffMonterey-Bridging-Header.h";
				SWIFT_VERSION = 5.0;
			};
			name = Release;
		};
/* End XCBuildConfiguration section */

/* Begin XCConfigurationList section */
		53C23FC427B8E5AD000BADA3 /* Build configuration list for PBXProject "BTOffMonterey" */ = {
			isa = XCConfigurationList;
			buildConfigurations = (
				53C23FEF27B8E5AE000BADA3 /* Debug */,
				53C23FF027B8E5AE000BADA3 /* Release */,
			);
			defaultConfigurationIsVisible = 0;
			defaultConfigurationName = Release;
		};
		53C23FF127B8E5AE000BADA3 /* Build configuration list for PBXNativeTarget "BTOffMonterey" */ = {
			isa = XCConfigurationList;
			buildConfigurations = (
				53C23FF227B8E5AE000BADA3 /* Debug */,
				53C23FF327B8E5AE000BADA3 /* Release */,
			);
			defaultConfigurationIsVisible = 0;
			defaultConfigurationName = Release;
		};
/* End XCConfigurationList section */
	};
	rootObject = 53C23FC127B8E5AD000BADA3 /* Project object */;
}
